
Microsoft Visual Studio Solution File, Format Version 12.00
# Visual Studio Version 17
VisualStudioVersion = 17.0.32014.148
MinimumVisualStudioVersion = 10.0.40219.1
Project("{FAE04EC0-301F-11D3-BF4B-00C04F79EFBC}") = "dbonline", "dbonline\dbonline.csproj", "{529B56D8-BF32-41E0-B719-B546F62CE1EA}"
EndProject
Global
	GlobalSection(SolutionConfigurationPlatforms) = preSolution
		Debug|Any CPU = Debug|Any CPU
		Release|Any CPU = Release|Any CPU
	EndGlobalSection
	GlobalSection(ProjectConfigurationPlatforms) = postSolution
		{529B56D8-BF32-41E0-B719-B546F62CE1EA}.Debug|Any CPU.ActiveCfg = Debug|Any CPU
		{529B56D8-BF32-41E0-B719-B546F62CE1EA}.Debug|Any CPU.Build.0 = Debug|Any CPU
		{529B56D8-BF32-41E0-B719-B546F62CE1EA}.Release|Any CPU.ActiveCfg = Release|Any CPU
		{529B56D8-BF32-41E0-B719-B546F62CE1EA}.Release|Any CPU.Build.0 = Release|Any CPU
	EndGlobalSection
	GlobalSection(SolutionProperties) = preSolution
		HideSolutionNode = FALSE
	EndGlobalSection
	GlobalSection(ExtensibilityGlobals) = postSolution
		SolutionGuid = {8197DB0C-1385-41C3-9DD6-7E573B711CED}
	EndGlobalSection
EndGlobal
